
Microsoft Visual Studio Solution File, Format Version 12.00
# Visual Studio Version 17
VisualStudioVersion = 17.4.32804.182
MinimumVisualStudioVersion = 10.0.40219.1
Project("{9A19103F-16F7-4668-BE54-9A1E7A4F7556}") = "Quark.Prototype", "Quark.Prototype\Quark.Prototype.csproj", "{575FAEC9-6A42-4BD1-8DCF-63862C872E56}"
EndProject
Project("{2150E333-8FDC-42A3-9474-1A3956D46DE8}") = "ソリューション項目", "ソリューション項目", "{49567AEC-1541-4ED2-922A-A0F753DBF329}"
	ProjectSection(SolutionItems) = preProject
		.editorconfig = .editorconfig
		.filenesting.json = .filenesting.json
		Directory.Build.props = Directory.Build.props
		LICENSE = LICENSE
		README.md = README.md
	EndProjectSection
EndProject
Project("{9A19103F-16F7-4668-BE54-9A1E7A4F7556}") = "Quark.Share", "Quark.Share\Quark.Share.csproj", "{C57847F1-EA63-4A48-BE04-1344A2AFF81D}"
EndProject
Project("{9A19103F-16F7-4668-BE54-9A1E7A4F7556}") = "Quark.Share.Test", "Quark.Share.Test\Quark.Share.Test.csproj", "{2CAD97A5-CB18-470A-8860-C5FBA16FB1AD}"
EndProject
Project("{9A19103F-16F7-4668-BE54-9A1E7A4F7556}") = "Quark.DependencyInjection", "Quark.DependencyInjection\Quark.DependencyInjection.csproj", "{9FDBF8B9-F751-4EE9-AB45-F159D1213649}"
EndProject
Project("{9A19103F-16F7-4668-BE54-9A1E7A4F7556}") = "Quark", "Quark\Quark.csproj", "{9F016FEE-0352-4F2E-91B5-C6FD53AFA3AB}"
EndProject
Project("{FAE04EC0-301F-11D3-BF4B-00C04F79EFBC}") = "MusicXmlAnalyzer", "MusicXmlAnalyzer\MusicXmlAnalyzer.csproj", "{EE2CCA72-9627-4710-9A29-7F52C5F31615}"
EndProject
Global
	GlobalSection(SolutionConfigurationPlatforms) = preSolution
		Debug|Any CPU = Debug|Any CPU
		Debug|x64 = Debug|x64
		Debug|x86 = Debug|x86
		Release|Any CPU = Release|Any CPU
		Release|x64 = Release|x64
		Release|x86 = Release|x86
	EndGlobalSection
	GlobalSection(ProjectConfigurationPlatforms) = postSolution
		{575FAEC9-6A42-4BD1-8DCF-63862C872E56}.Debug|Any CPU.ActiveCfg = Debug|Any CPU
		{575FAEC9-6A42-4BD1-8DCF-63862C872E56}.Debug|Any CPU.Build.0 = Debug|Any CPU
		{575FAEC9-6A42-4BD1-8DCF-63862C872E56}.Debug|x64.ActiveCfg = Debug|Any CPU
		{575FAEC9-6A42-4BD1-8DCF-63862C872E56}.Debug|x64.Build.0 = Debug|Any CPU
		{575FAEC9-6A42-4BD1-8DCF-63862C872E56}.Debug|x86.ActiveCfg = Debug|Any CPU
		{575FAEC9-6A42-4BD1-8DCF-63862C872E56}.Debug|x86.Build.0 = Debug|Any CPU
		{575FAEC9-6A42-4BD1-8DCF-63862C872E56}.Release|Any CPU.ActiveCfg = Release|Any CPU
		{575FAEC9-6A42-4BD1-8DCF-63862C872E56}.Release|Any CPU.Build.0 = Release|Any CPU
		{575FAEC9-6A42-4BD1-8DCF-63862C872E56}.Release|x64.ActiveCfg = Release|Any CPU
		{575FAEC9-6A42-4BD1-8DCF-63862C872E56}.Release|x64.Build.0 = Release|Any CPU
		{575FAEC9-6A42-4BD1-8DCF-63862C872E56}.Release|x86.ActiveCfg = Release|Any CPU
		{575FAEC9-6A42-4BD1-8DCF-63862C872E56}.Release|x86.Build.0 = Release|Any CPU
		{C57847F1-EA63-4A48-BE04-1344A2AFF81D}.Debug|Any CPU.ActiveCfg = Debug|Any CPU
		{C57847F1-EA63-4A48-BE04-1344A2AFF81D}.Debug|Any CPU.Build.0 = Debug|Any CPU
		{C57847F1-EA63-4A48-BE04-1344A2AFF81D}.Debug|x64.ActiveCfg = Debug|Any CPU
		{C57847F1-EA63-4A48-BE04-1344A2AFF81D}.Debug|x64.Build.0 = Debug|Any CPU
		{C57847F1-EA63-4A48-BE04-1344A2AFF81D}.Debug|x86.ActiveCfg = Debug|Any CPU
		{C57847F1-EA63-4A48-BE04-1344A2AFF81D}.Debug|x86.Build.0 = Debug|Any CPU
		{C57847F1-EA63-4A48-BE04-1344A2AFF81D}.Release|Any CPU.ActiveCfg = Release|Any CPU
		{C57847F1-EA63-4A48-BE04-1344A2AFF81D}.Release|Any CPU.Build.0 = Release|Any CPU
		{C57847F1-EA63-4A48-BE04-1344A2AFF81D}.Release|x64.ActiveCfg = Release|Any CPU
		{C57847F1-EA63-4A48-BE04-1344A2AFF81D}.Release|x64.Build.0 = Release|Any CPU
		{C57847F1-EA63-4A48-BE04-1344A2AFF81D}.Release|x86.ActiveCfg = Release|Any CPU
		{C57847F1-EA63-4A48-BE04-1344A2AFF81D}.Release|x86.Build.0 = Release|Any CPU
		{2CAD97A5-CB18-470A-8860-C5FBA16FB1AD}.Debug|Any CPU.ActiveCfg = Debug|Any CPU
		{2CAD97A5-CB18-470A-8860-C5FBA16FB1AD}.Debug|Any CPU.Build.0 = Debug|Any CPU
		{2CAD97A5-CB18-470A-8860-C5FBA16FB1AD}.Debug|x64.ActiveCfg = Debug|Any CPU
		{2CAD97A5-CB18-470A-8860-C5FBA16FB1AD}.Debug|x64.Build.0 = Debug|Any CPU
		{2CAD97A5-CB18-470A-8860-C5FBA16FB1AD}.Debug|x86.ActiveCfg = Debug|Any CPU
		{2CAD97A5-CB18-470A-8860-C5FBA16FB1AD}.Debug|x86.Build.0 = Debug|Any CPU
		{2CAD97A5-CB18-470A-8860-C5FBA16FB1AD}.Release|Any CPU.ActiveCfg = Release|Any CPU
		{2CAD97A5-CB18-470A-8860-C5FBA16FB1AD}.Release|Any CPU.Build.0 = Release|Any CPU
		{2CAD97A5-CB18-470A-8860-C5FBA16FB1AD}.Release|x64.ActiveCfg = Release|Any CPU
		{2CAD97A5-CB18-470A-8860-C5FBA16FB1AD}.Release|x64.Build.0 = Release|Any CPU
		{2CAD97A5-CB18-470A-8860-C5FBA16FB1AD}.Release|x86.ActiveCfg = Release|Any CPU
		{2CAD97A5-CB18-470A-8860-C5FBA16FB1AD}.Release|x86.Build.0 = Release|Any CPU
		{9FDBF8B9-F751-4EE9-AB45-F159D1213649}.Debug|Any CPU.ActiveCfg = Debug|Any CPU
		{9FDBF8B9-F751-4EE9-AB45-F159D1213649}.Debug|Any CPU.Build.0 = Debug|Any CPU
		{9FDBF8B9-F751-4EE9-AB45-F159D1213649}.Debug|x64.ActiveCfg = Debug|Any CPU
		{9FDBF8B9-F751-4EE9-AB45-F159D1213649}.Debug|x64.Build.0 = Debug|Any CPU
		{9FDBF8B9-F751-4EE9-AB45-F159D1213649}.Debug|x86.ActiveCfg = Debug|Any CPU
		{9FDBF8B9-F751-4EE9-AB45-F159D1213649}.Debug|x86.Build.0 = Debug|Any CPU
		{9FDBF8B9-F751-4EE9-AB45-F159D1213649}.Release|Any CPU.ActiveCfg = Release|Any CPU
		{9FDBF8B9-F751-4EE9-AB45-F159D1213649}.Release|Any CPU.Build.0 = Release|Any CPU
		{9FDBF8B9-F751-4EE9-AB45-F159D1213649}.Release|x64.ActiveCfg = Release|Any CPU
		{9FDBF8B9-F751-4EE9-AB45-F159D1213649}.Release|x64.Build.0 = Release|Any CPU
		{9FDBF8B9-F751-4EE9-AB45-F159D1213649}.Release|x86.ActiveCfg = Release|Any CPU
		{9FDBF8B9-F751-4EE9-AB45-F159D1213649}.Release|x86.Build.0 = Release|Any CPU
		{9F016FEE-0352-4F2E-91B5-C6FD53AFA3AB}.Debug|Any CPU.ActiveCfg = Debug|Any CPU
		{9F016FEE-0352-4F2E-91B5-C6FD53AFA3AB}.Debug|Any CPU.Build.0 = Debug|Any CPU
		{9F016FEE-0352-4F2E-91B5-C6FD53AFA3AB}.Debug|x64.ActiveCfg = Debug|Any CPU
		{9F016FEE-0352-4F2E-91B5-C6FD53AFA3AB}.Debug|x64.Build.0 = Debug|Any CPU
		{9F016FEE-0352-4F2E-91B5-C6FD53AFA3AB}.Debug|x86.ActiveCfg = Debug|Any CPU
		{9F016FEE-0352-4F2E-91B5-C6FD53AFA3AB}.Debug|x86.Build.0 = Debug|Any CPU
		{9F016FEE-0352-4F2E-91B5-C6FD53AFA3AB}.Release|Any CPU.ActiveCfg = Release|Any CPU
		{9F016FEE-0352-4F2E-91B5-C6FD53AFA3AB}.Release|Any CPU.Build.0 = Release|Any CPU
		{9F016FEE-0352-4F2E-91B5-C6FD53AFA3AB}.Release|x64.ActiveCfg = Release|Any CPU
		{9F016FEE-0352-4F2E-91B5-C6FD53AFA3AB}.Release|x64.Build.0 = Release|Any CPU
		{9F016FEE-0352-4F2E-91B5-C6FD53AFA3AB}.Release|x86.ActiveCfg = Release|Any CPU
		{9F016FEE-0352-4F2E-91B5-C6FD53AFA3AB}.Release|x86.Build.0 = Release|Any CPU
		{EE2CCA72-9627-4710-9A29-7F52C5F31615}.Debug|Any CPU.ActiveCfg = Debug|Any CPU
		{EE2CCA72-9627-4710-9A29-7F52C5F31615}.Debug|Any CPU.Build.0 = Debug|Any CPU
		{EE2CCA72-9627-4710-9A29-7F52C5F31615}.Debug|x64.ActiveCfg = Debug|Any CPU
		{EE2CCA72-9627-4710-9A29-7F52C5F31615}.Debug|x64.Build.0 = Debug|Any CPU
		{EE2CCA72-9627-4710-9A29-7F52C5F31615}.Debug|x86.ActiveCfg = Debug|Any CPU
		{EE2CCA72-9627-4710-9A29-7F52C5F31615}.Debug|x86.Build.0 = Debug|Any CPU
		{EE2CCA72-9627-4710-9A29-7F52C5F31615}.Release|Any CPU.ActiveCfg = Release|Any CPU
		{EE2CCA72-9627-4710-9A29-7F52C5F31615}.Release|Any CPU.Build.0 = Release|Any CPU
		{EE2CCA72-9627-4710-9A29-7F52C5F31615}.Release|x64.ActiveCfg = Release|Any CPU
		{EE2CCA72-9627-4710-9A29-7F52C5F31615}.Release|x64.Build.0 = Release|Any CPU
		{EE2CCA72-9627-4710-9A29-7F52C5F31615}.Release|x86.ActiveCfg = Release|Any CPU
		{EE2CCA72-9627-4710-9A29-7F52C5F31615}.Release|x86.Build.0 = Release|Any CPU
	EndGlobalSection
	GlobalSection(SolutionProperties) = preSolution
		HideSolutionNode = FALSE
	EndGlobalSection
	GlobalSection(ExtensibilityGlobals) = postSolution
		SolutionGuid = {E1464E1E-42E0-4A97-9B96-E81FA92F8169}
	EndGlobalSection
EndGlobal
