<Solution>
    <project Path="Sinos\Sinos.csproj" />
    <Project Path="Sinos.Common\Sinos.Common.csproj" />
    <project Path="Sinos.Common.Test\Sinos.Common.Test.csproj" />
    <project Path="Sinos.Common.MusicXml\Sinos.Common.MusicXml.csproj" />
    <project Path="Sinos.DependencyInjection\Sinos.DependencyInjection.csproj" />
</Solution>